// !$*UTF8*$!
{
	archiveVersion = 1;
	classes = {
	};
	objectVersion = 50;
	objects = {

/* Begin PBXBuildFile section */
		60372D2024B04C8F00D34440 /* GoalCell.swift in Sources */ = {isa = PBXBuildFile; fileRef = 60372D1F24B04C8F00D34440 /* GoalCell.swift */; };
		6055B86224B3694E00DB4AEB /* CreateGoalVC.swift in Sources */ = {isa = PBXBuildFile; fileRef = 6055B86124B3694E00DB4AEB /* CreateGoalVC.swift */; };
		6055B86424B36C3400DB4AEB /* UIViewControllerExt.swift in Sources */ = {isa = PBXBuildFile; fileRef = 6055B86324B36C3400DB4AEB /* UIViewControllerExt.swift */; };
		6062E6AD24B8A48F00A0B4CB /* UIViewExt.swift in Sources */ = {isa = PBXBuildFile; fileRef = 6062E6AC24B8A48F00A0B4CB /* UIViewExt.swift */; };
		6062E6AF24B8AC7200A0B4CB /* UIBtnExt.swift in Sources */ = {isa = PBXBuildFile; fileRef = 6062E6AE24B8AC7200A0B4CB /* UIBtnExt.swift */; };
		6062E6B124B8B40E00A0B4CB /* FinishGoalVC.swift in Sources */ = {isa = PBXBuildFile; fileRef = 6062E6B024B8B40E00A0B4CB /* FinishGoalVC.swift */; };
		60967F5B24B220AF00D8ACD3 /* GoalType.swift in Sources */ = {isa = PBXBuildFile; fileRef = 60967F5A24B220AF00D8ACD3 /* GoalType.swift */; };
		60F362F724AF359100E709BB /* AppDelegate.swift in Sources */ = {isa = PBXBuildFile; fileRef = 60F362F624AF359100E709BB /* AppDelegate.swift */; };
		60F362F924AF359100E709BB /* SceneDelegate.swift in Sources */ = {isa = PBXBuildFile; fileRef = 60F362F824AF359100E709BB /* SceneDelegate.swift */; };
		60F362FB24AF359100E709BB /* GoalsVC.swift in Sources */ = {isa = PBXBuildFile; fileRef = 60F362FA24AF359100E709BB /* GoalsVC.swift */; };
		60F362FE24AF359100E709BB /* Main.storyboard in Resources */ = {isa = PBXBuildFile; fileRef = 60F362FC24AF359100E709BB /* Main.storyboard */; };
		60F3630124AF359100E709BB /* goalPost.xcdatamodeld in Sources */ = {isa = PBXBuildFile; fileRef = 60F362FF24AF359100E709BB /* goalPost.xcdatamodeld */; };
		60F3630324AF359200E709BB /* Assets.xcassets in Resources */ = {isa = PBXBuildFile; fileRef = 60F3630224AF359200E709BB /* Assets.xcassets */; };
		60F3630624AF359200E709BB /* LaunchScreen.storyboard in Resources */ = {isa = PBXBuildFile; fileRef = 60F3630424AF359200E709BB /* LaunchScreen.storyboard */; };
/* End PBXBuildFile section */

/* Begin PBXFileReference section */
		60372D1F24B04C8F00D34440 /* GoalCell.swift */ = {isa = PBXFileReference; lastKnownFileType = sourcecode.swift; path = GoalCell.swift; sourceTree = "<group>"; };
		6055B86124B3694E00DB4AEB /* CreateGoalVC.swift */ = {isa = PBXFileReference; lastKnownFileType = sourcecode.swift; path = CreateGoalVC.swift; sourceTree = "<group>"; };
		6055B86324B36C3400DB4AEB /* UIViewControllerExt.swift */ = {isa = PBXFileReference; lastKnownFileType = sourcecode.swift; path = UIViewControllerExt.swift; sourceTree = "<group>"; };
		6062E6AC24B8A48F00A0B4CB /* UIViewExt.swift */ = {isa = PBXFileReference; lastKnownFileType = sourcecode.swift; path = UIViewExt.swift; sourceTree = "<group>"; };
		6062E6AE24B8AC7200A0B4CB /* UIBtnExt.swift */ = {isa = PBXFileReference; lastKnownFileType = sourcecode.swift; path = UIBtnExt.swift; sourceTree = "<group>"; };
		6062E6B024B8B40E00A0B4CB /* FinishGoalVC.swift */ = {isa = PBXFileReference; lastKnownFileType = sourcecode.swift; path = FinishGoalVC.swift; sourceTree = "<group>"; };
		60967F5A24B220AF00D8ACD3 /* GoalType.swift */ = {isa = PBXFileReference; lastKnownFileType = sourcecode.swift; path = GoalType.swift; sourceTree = "<group>"; };
		60F362F324AF359100E709BB /* goalPost.app */ = {isa = PBXFileReference; explicitFileType = wrapper.application; includeInIndex = 0; path = goalPost.app; sourceTree = BUILT_PRODUCTS_DIR; };
		60F362F624AF359100E709BB /* AppDelegate.swift */ = {isa = PBXFileReference; lastKnownFileType = sourcecode.swift; path = AppDelegate.swift; sourceTree = "<group>"; };
		60F362F824AF359100E709BB /* SceneDelegate.swift */ = {isa = PBXFileReference; lastKnownFileType = sourcecode.swift; path = SceneDelegate.swift; sourceTree = "<group>"; };
		60F362FA24AF359100E709BB /* GoalsVC.swift */ = {isa = PBXFileReference; lastKnownFileType = sourcecode.swift; path = GoalsVC.swift; sourceTree = "<group>"; };
		60F362FD24AF359100E709BB /* Base */ = {isa = PBXFileReference; lastKnownFileType = file.storyboard; name = Base; path = Base.lproj/Main.storyboard; sourceTree = "<group>"; };
		60F3630024AF359100E709BB /* goalPost.xcdatamodel */ = {isa = PBXFileReference; lastKnownFileType = wrapper.xcdatamodel; path = goalPost.xcdatamodel; sourceTree = "<group>"; };
		60F3630224AF359200E709BB /* Assets.xcassets */ = {isa = PBXFileReference; lastKnownFileType = folder.assetcatalog; path = Assets.xcassets; sourceTree = "<group>"; };
		60F3630524AF359200E709BB /* Base */ = {isa = PBXFileReference; lastKnownFileType = file.storyboard; name = Base; path = Base.lproj/LaunchScreen.storyboard; sourceTree = "<group>"; };
		60F3630724AF359200E709BB /* Info.plist */ = {isa = PBXFileReference; lastKnownFileType = text.plist.xml; path = Info.plist; sourceTree = "<group>"; };
/* End PBXFileReference section */

/* Begin PBXFrameworksBuildPhase section */
		60F362F024AF359100E709BB /* Frameworks */ = {
			isa = PBXFrameworksBuildPhase;
			buildActionMask = 2147483647;
			files = (
			);
			runOnlyForDeploymentPostprocessing = 0;
		};
/* End PBXFrameworksBuildPhase section */

/* Begin PBXGroup section */
		60F362EA24AF359100E709BB = {
			isa = PBXGroup;
			children = (
				60F362F524AF359100E709BB /* goalPost */,
				60F362F424AF359100E709BB /* Products */,
			);
			sourceTree = "<group>";
		};
		60F362F424AF359100E709BB /* Products */ = {
			isa = PBXGroup;
			children = (
				60F362F324AF359100E709BB /* goalPost.app */,
			);
			name = Products;
			sourceTree = "<group>";
		};
		60F362F524AF359100E709BB /* goalPost */ = {
			isa = PBXGroup;
			children = (
				60F3631024AF35F000E709BB /* Extensions */,
				60F3630F24AF35E600E709BB /* Enums */,
				60F3630E24AF35DD00E709BB /* View */,
				60F3630D24AF35A300E709BB /* Controller */,
				60F362F624AF359100E709BB /* AppDelegate.swift */,
				60F362F824AF359100E709BB /* SceneDelegate.swift */,
				60F362FC24AF359100E709BB /* Main.storyboard */,
				60F3630224AF359200E709BB /* Assets.xcassets */,
				60F3630424AF359200E709BB /* LaunchScreen.storyboard */,
				60F3630724AF359200E709BB /* Info.plist */,
				60F362FF24AF359100E709BB /* goalPost.xcdatamodeld */,
			);
			path = goalPost;
			sourceTree = "<group>";
		};
		60F3630D24AF35A300E709BB /* Controller */ = {
			isa = PBXGroup;
			children = (
				6055B86124B3694E00DB4AEB /* CreateGoalVC.swift */,
				60F362FA24AF359100E709BB /* GoalsVC.swift */,
				6062E6B024B8B40E00A0B4CB /* FinishGoalVC.swift */,
			);
			path = Controller;
			sourceTree = "<group>";
		};
		60F3630E24AF35DD00E709BB /* View */ = {
			isa = PBXGroup;
			children = (
				60372D1F24B04C8F00D34440 /* GoalCell.swift */,
			);
			path = View;
			sourceTree = "<group>";
		};
		60F3630F24AF35E600E709BB /* Enums */ = {
			isa = PBXGroup;
			children = (
				60967F5A24B220AF00D8ACD3 /* GoalType.swift */,
			);
			path = Enums;
			sourceTree = "<group>";
		};
		60F3631024AF35F000E709BB /* Extensions */ = {
			isa = PBXGroup;
			children = (
				6055B86324B36C3400DB4AEB /* UIViewControllerExt.swift */,
				6062E6AC24B8A48F00A0B4CB /* UIViewExt.swift */,
				6062E6AE24B8AC7200A0B4CB /* UIBtnExt.swift */,
			);
			path = Extensions;
			sourceTree = "<group>";
		};
/* End PBXGroup section */

/* Begin PBXNativeTarget section */
		60F362F224AF359100E709BB /* goalPost */ = {
			isa = PBXNativeTarget;
			buildConfigurationList = 60F3630A24AF359200E709BB /* Build configuration list for PBXNativeTarget "goalPost" */;
			buildPhases = (
				60F362EF24AF359100E709BB /* Sources */,
				60F362F024AF359100E709BB /* Frameworks */,
				60F362F124AF359100E709BB /* Resources */,
			);
			buildRules = (
			);
			dependencies = (
			);
			name = goalPost;
			productName = goalPost;
			productReference = 60F362F324AF359100E709BB /* goalPost.app */;
			productType = "com.apple.product-type.application";
		};
/* End PBXNativeTarget section */

/* Begin PBXProject section */
		60F362EB24AF359100E709BB /* Project object */ = {
			isa = PBXProject;
			attributes = {
				LastSwiftUpdateCheck = 1150;
				LastUpgradeCheck = 1150;
				ORGANIZATIONNAME = Muhaimin;
				TargetAttributes = {
					60F362F224AF359100E709BB = {
						CreatedOnToolsVersion = 11.5;
					};
				};
			};
			buildConfigurationList = 60F362EE24AF359100E709BB /* Build configuration list for PBXProject "goalPost" */;
			compatibilityVersion = "Xcode 9.3";
			developmentRegion = en;
			hasScannedForEncodings = 0;
			knownRegions = (
				en,
				Base,
			);
			mainGroup = 60F362EA24AF359100E709BB;
			productRefGroup = 60F362F424AF359100E709BB /* Products */;
			projectDirPath = "";
			projectRoot = "";
			targets = (
				60F362F224AF359100E709BB /* goalPost */,
			);
		};
/* End PBXProject section */

/* Begin PBXResourcesBuildPhase section */
		60F362F124AF359100E709BB /* Resources */ = {
			isa = PBXResourcesBuildPhase;
			buildActionMask = 2147483647;
			files = (
				60F3630624AF359200E709BB /* LaunchScreen.storyboard in Resources */,
				60F3630324AF359200E709BB /* Assets.xcassets in Resources */,
				60F362FE24AF359100E709BB /* Main.storyboard in Resources */,
			);
			runOnlyForDeploymentPostprocessing = 0;
		};
/* End PBXResourcesBuildPhase section */

/* Begin PBXSourcesBuildPhase section */
		60F362EF24AF359100E709BB /* Sources */ = {
			isa = PBXSourcesBuildPhase;
			buildActionMask = 2147483647;
			files = (
				6062E6AD24B8A48F00A0B4CB /* UIViewExt.swift in Sources */,
				60F362FB24AF359100E709BB /* GoalsVC.swift in Sources */,
				60F362F724AF359100E709BB /* AppDelegate.swift in Sources */,
				6055B86424B36C3400DB4AEB /* UIViewControllerExt.swift in Sources */,
				60967F5B24B220AF00D8ACD3 /* GoalType.swift in Sources */,
				6062E6B124B8B40E00A0B4CB /* FinishGoalVC.swift in Sources */,
				60F3630124AF359100E709BB /* goalPost.xcdatamodeld in Sources */,
				6062E6AF24B8AC7200A0B4CB /* UIBtnExt.swift in Sources */,
				6055B86224B3694E00DB4AEB /* CreateGoalVC.swift in Sources */,
				60372D2024B04C8F00D34440 /* GoalCell.swift in Sources */,
				60F362F924AF359100E709BB /* SceneDelegate.swift in Sources */,
			);
			runOnlyForDeploymentPostprocessing = 0;
		};
/* End PBXSourcesBuildPhase section */

/* Begin PBXVariantGroup section */
		60F362FC24AF359100E709BB /* Main.storyboard */ = {
			isa = PBXVariantGroup;
			children = (
				60F362FD24AF359100E709BB /* Base */,
			);
			name = Main.storyboard;
			sourceTree = "<group>";
		};
		60F3630424AF359200E709BB /* LaunchScreen.storyboard */ = {
			isa = PBXVariantGroup;
			children = (
				60F3630524AF359200E709BB /* Base */,
			);
			name = LaunchScreen.storyboard;
			sourceTree = "<group>";
		};
/* End PBXVariantGroup section */

/* Begin XCBuildConfiguration section */
		60F3630824AF359200E709BB /* Debug */ = {
			isa = XCBuildConfiguration;
			buildSettings = {
				ALWAYS_SEARCH_USER_PATHS = NO;
				CLANG_ANALYZER_NONNULL = YES;
				CLANG_ANALYZER_NUMBER_OBJECT_CONVERSION = YES_AGGRESSIVE;
				CLANG_CXX_LANGUAGE_STANDARD = "gnu++14";
				CLANG_CXX_LIBRARY = "libc++";
				CLANG_ENABLE_MODULES = YES;
				CLANG_ENABLE_OBJC_ARC = YES;
				CLANG_ENABLE_OBJC_WEAK = YES;
				CLANG_WARN_BLOCK_CAPTURE_AUTORELEASING = YES;
				CLANG_WARN_BOOL_CONVERSION = YES;
				CLANG_WARN_COMMA = YES;
				CLANG_WARN_CONSTANT_CONVERSION = YES;
				CLANG_WARN_DEPRECATED_OBJC_IMPLEMENTATIONS = YES;
				CLANG_WARN_DIRECT_OBJC_ISA_USAGE = YES_ERROR;
				CLANG_WARN_DOCUMENTATION_COMMENTS = YES;
				CLANG_WARN_EMPTY_BODY = YES;
				CLANG_WARN_ENUM_CONVERSION = YES;
				CLANG_WARN_INFINITE_RECURSION = YES;
				CLANG_WARN_INT_CONVERSION = YES;
				CLANG_WARN_NON_LITERAL_NULL_CONVERSION = YES;
				CLANG_WARN_OBJC_IMPLICIT_RETAIN_SELF = YES;
				CLANG_WARN_OBJC_LITERAL_CONVERSION = YES;
				CLANG_WARN_OBJC_ROOT_CLASS = YES_ERROR;
				CLANG_WARN_RANGE_LOOP_ANALYSIS = YES;
				CLANG_WARN_STRICT_PROTOTYPES = YES;
				CLANG_WARN_SUSPICIOUS_MOVE = YES;
				CLANG_WARN_UNGUARDED_AVAILABILITY = YES_AGGRESSIVE;
				CLANG_WARN_UNREACHABLE_CODE = YES;
				CLANG_WARN__DUPLICATE_METHOD_MATCH = YES;
				COPY_PHASE_STRIP = NO;
				DEBUG_INFORMATION_FORMAT = dwarf;
				ENABLE_STRICT_OBJC_MSGSEND = YES;
				ENABLE_TESTABILITY = YES;
				GCC_C_LANGUAGE_STANDARD = gnu11;
				GCC_DYNAMIC_NO_PIC = NO;
				GCC_NO_COMMON_BLOCKS = YES;
				GCC_OPTIMIZATION_LEVEL = 0;
				GCC_PREPROCESSOR_DEFINITIONS = (
					"DEBUG=1",
					"$(inherited)",
				);
				GCC_WARN_64_TO_32_BIT_CONVERSION = YES;
				GCC_WARN_ABOUT_RETURN_TYPE = YES_ERROR;
				GCC_WARN_UNDECLARED_SELECTOR = YES;
				GCC_WARN_UNINITIALIZED_AUTOS = YES_AGGRESSIVE;
				GCC_WARN_UNUSED_FUNCTION = YES;
				GCC_WARN_UNUSED_VARIABLE = YES;
				IPHONEOS_DEPLOYMENT_TARGET = 13.5;
				MTL_ENABLE_DEBUG_INFO = INCLUDE_SOURCE;
				MTL_FAST_MATH = YES;
				ONLY_ACTIVE_ARCH = YES;
				SDKROOT = iphoneos;
				SWIFT_ACTIVE_COMPILATION_CONDITIONS = DEBUG;
				SWIFT_OPTIMIZATION_LEVEL = "-Onone";
			};
			name = Debug;
		};
		60F3630924AF359200E709BB /* Release */ = {
			isa = XCBuildConfiguration;
			buildSettings = {
				ALWAYS_SEARCH_USER_PATHS = NO;
				CLANG_ANALYZER_NONNULL = YES;
				CLANG_ANALYZER_NUMBER_OBJECT_CONVERSION = YES_AGGRESSIVE;
				CLANG_CXX_LANGUAGE_STANDARD = "gnu++14";
				CLANG_CXX_LIBRARY = "libc++";
				CLANG_ENABLE_MODULES = YES;
				CLANG_ENABLE_OBJC_ARC = YES;
				CLANG_ENABLE_OBJC_WEAK = YES;
				CLANG_WARN_BLOCK_CAPTURE_AUTORELEASING = YES;
				CLANG_WARN_BOOL_CONVERSION = YES;
				CLANG_WARN_COMMA = YES;
				CLANG_WARN_CONSTANT_CONVERSION = YES;
				CLANG_WARN_DEPRECATED_OBJC_IMPLEMENTATIONS = YES;
				CLANG_WARN_DIRECT_OBJC_ISA_USAGE = YES_ERROR;
				CLANG_WARN_DOCUMENTATION_COMMENTS = YES;
				CLANG_WARN_EMPTY_BODY = YES;
				CLANG_WARN_ENUM_CONVERSION = YES;
				CLANG_WARN_INFINITE_RECURSION = YES;
				CLANG_WARN_INT_CONVERSION = YES;
				CLANG_WARN_NON_LITERAL_NULL_CONVERSION = YES;
				CLANG_WARN_OBJC_IMPLICIT_RETAIN_SELF = YES;
				CLANG_WARN_OBJC_LITERAL_CONVERSION = YES;
				CLANG_WARN_OBJC_ROOT_CLASS = YES_ERROR;
				CLANG_WARN_RANGE_LOOP_ANALYSIS = YES;
				CLANG_WARN_STRICT_PROTOTYPES = YES;
				CLANG_WARN_SUSPICIOUS_MOVE = YES;
				CLANG_WARN_UNGUARDED_AVAILABILITY = YES_AGGRESSIVE;
				CLANG_WARN_UNREACHABLE_CODE = YES;
				CLANG_WARN__DUPLICATE_METHOD_MATCH = YES;
				COPY_PHASE_STRIP = NO;
				DEBUG_INFORMATION_FORMAT = "dwarf-with-dsym";
				ENABLE_NS_ASSERTIONS = NO;
				ENABLE_STRICT_OBJC_MSGSEND = YES;
				GCC_C_LANGUAGE_STANDARD = gnu11;
				GCC_NO_COMMON_BLOCKS = YES;
				GCC_WARN_64_TO_32_BIT_CONVERSION = YES;
				GCC_WARN_ABOUT_RETURN_TYPE = YES_ERROR;
				GCC_WARN_UNDECLARED_SELECTOR = YES;
				GCC_WARN_UNINITIALIZED_AUTOS = YES_AGGRESSIVE;
				GCC_WARN_UNUSED_FUNCTION = YES;
				GCC_WARN_UNUSED_VARIABLE = YES;
				IPHONEOS_DEPLOYMENT_TARGET = 13.5;
				MTL_ENABLE_DEBUG_INFO = NO;
				MTL_FAST_MATH = YES;
				SDKROOT = iphoneos;
				SWIFT_COMPILATION_MODE = wholemodule;
				SWIFT_OPTIMIZATION_LEVEL = "-O";
				VALIDATE_PRODUCT = YES;
			};
			name = Release;
		};
		60F3630B24AF359200E709BB /* Debug */ = {
			isa = XCBuildConfiguration;
			buildSettings = {
				ASSETCATALOG_COMPILER_APPICON_NAME = AppIcon;
				CODE_SIGN_STYLE = Automatic;
				DEVELOPMENT_TEAM = MCT9J8W659;
				INFOPLIST_FILE = goalPost/Info.plist;
				LD_RUNPATH_SEARCH_PATHS = (
					"$(inherited)",
					"@executable_path/Frameworks",
				);
				PRODUCT_BUNDLE_IDENTIFIER = com.muhaimin.goalPost;
				PRODUCT_NAME = "$(TARGET_NAME)";
				SWIFT_VERSION = 5.0;
				TARGETED_DEVICE_FAMILY = "1,2";
			};
			name = Debug;
		};
		60F3630C24AF359200E709BB /* Release */ = {
			isa = XCBuildConfiguration;
			buildSettings = {
				ASSETCATALOG_COMPILER_APPICON_NAME = AppIcon;
				CODE_SIGN_STYLE = Automatic;
				DEVELOPMENT_TEAM = MCT9J8W659;
				INFOPLIST_FILE = goalPost/Info.plist;
				LD_RUNPATH_SEARCH_PATHS = (
					"$(inherited)",
					"@executable_path/Frameworks",
				);
				PRODUCT_BUNDLE_IDENTIFIER = com.muhaimin.goalPost;
				PRODUCT_NAME = "$(TARGET_NAME)";
				SWIFT_VERSION = 5.0;
				TARGETED_DEVICE_FAMILY = "1,2";
			};
			name = Release;
		};
/* End XCBuildConfiguration section */

/* Begin XCConfigurationList section */
		60F362EE24AF359100E709BB /* Build configuration list for PBXProject "goalPost" */ = {
			isa = XCConfigurationList;
			buildConfigurations = (
				60F3630824AF359200E709BB /* Debug */,
				60F3630924AF359200E709BB /* Release */,
			);
			defaultConfigurationIsVisible = 0;
			defaultConfigurationName = Release;
		};
		60F3630A24AF359200E709BB /* Build configuration list for PBXNativeTarget "goalPost" */ = {
			isa = XCConfigurationList;
			buildConfigurations = (
				60F3630B24AF359200E709BB /* Debug */,
				60F3630C24AF359200E709BB /* Release */,
			);
			defaultConfigurationIsVisible = 0;
			defaultConfigurationName = Release;
		};
/* End XCConfigurationList section */

/* Begin XCVersionGroup section */
		60F362FF24AF359100E709BB /* goalPost.xcdatamodeld */ = {
			isa = XCVersionGroup;
			children = (
				60F3630024AF359100E709BB /* goalPost.xcdatamodel */,
			);
			currentVersion = 60F3630024AF359100E709BB /* goalPost.xcdatamodel */;
			path = goalPost.xcdatamodeld;
			sourceTree = "<group>";
			versionGroupType = wrapper.xcdatamodel;
		};
/* End XCVersionGroup section */
	};
	rootObject = 60F362EB24AF359100E709BB /* Project object */;
}
